
Microsoft Visual Studio Solution File, Format Version 12.00
# Visual Studio Version 17
VisualStudioVersion = 17.7.34221.43
MinimumVisualStudioVersion = 10.0.40219.1
Project("{FAE04EC0-301F-11D3-BF4B-00C04F79EFBC}") = "CurrentTimeService", "CurrentTimeService\CurrentTimeService.csproj", "{CEDDF2B2-3C76-4EBB-AFEC-C85414D5736D}"
EndProject
Global
	GlobalSection(SolutionConfigurationPlatforms) = preSolution
		Debug|Any CPU = Debug|Any CPU
		Release|Any CPU = Release|Any CPU
	EndGlobalSection
	GlobalSection(ProjectConfigurationPlatforms) = postSolution
		{CEDDF2B2-3C76-4EBB-AFEC-C85414D5736D}.Debug|Any CPU.ActiveCfg = Debug|Any CPU
		{CEDDF2B2-3C76-4EBB-AFEC-C85414D5736D}.Debug|Any CPU.Build.0 = Debug|Any CPU
		{CEDDF2B2-3C76-4EBB-AFEC-C85414D5736D}.Release|Any CPU.ActiveCfg = Release|Any CPU
		{CEDDF2B2-3C76-4EBB-AFEC-C85414D5736D}.Release|Any CPU.Build.0 = Release|Any CPU
	EndGlobalSection
	GlobalSection(SolutionProperties) = preSolution
		HideSolutionNode = FALSE
	EndGlobalSection
	GlobalSection(ExtensibilityGlobals) = postSolution
		SolutionGuid = {8BF52B3F-1EAE-4CAA-BB27-ED8B7167B545}
	EndGlobalSection
EndGlobal
